
Microsoft Visual Studio Solution File, Format Version 12.00
# Visual Studio 2012
Project("{FAE04EC0-301F-11D3-BF4B-00C04F79EFBC}") = "KomunikatyProjekt", "KomunikatyProjekt\KomunikatyProjekt.csproj", "{BCD57A7D-3748-4B44-9C90-10CD50FB25C4}"
EndProject
Global
	GlobalSection(SolutionConfigurationPlatforms) = preSolution
		Debug|Any CPU = Debug|Any CPU
		Release|Any CPU = Release|Any CPU
	EndGlobalSection
	GlobalSection(ProjectConfigurationPlatforms) = postSolution
		{BCD57A7D-3748-4B44-9C90-10CD50FB25C4}.Debug|Any CPU.ActiveCfg = Debug|Any CPU
		{BCD57A7D-3748-4B44-9C90-10CD50FB25C4}.Debug|Any CPU.Build.0 = Debug|Any CPU
		{BCD57A7D-3748-4B44-9C90-10CD50FB25C4}.Release|Any CPU.ActiveCfg = Release|Any CPU
		{BCD57A7D-3748-4B44-9C90-10CD50FB25C4}.Release|Any CPU.Build.0 = Release|Any CPU
	EndGlobalSection
	GlobalSection(SolutionProperties) = preSolution
		HideSolutionNode = FALSE
	EndGlobalSection
EndGlobal
